
Microsoft Visual Studio Solution File, Format Version 12.00
# Visual Studio Version 16
VisualStudioVersion = 16.0.29326.143
MinimumVisualStudioVersion = 10.0.40219.1
Project("{8BC9CEB8-8B4A-11D0-8D11-00A0C91BC942}") = "BetweenTwoSets", "BetweenTwoSets\BetweenTwoSets.vcxproj", "{13CBAD63-C04A-485C-8308-8430E352E930}"
EndProject
Project("{8BC9CEB8-8B4A-11D0-8D11-00A0C91BC942}") = "SomeTests", "SomeTests\SomeTests.vcxproj", "{D5A6BAED-143F-467A-AF78-ACF9CA61B475}"
EndProject
Project("{8BC9CEB8-8B4A-11D0-8D11-00A0C91BC942}") = "DivisibleSumPairs", "DivisibleSumPairs\DivisibleSumPairs.vcxproj", "{7C56FE30-36CC-4FF2-9202-41D756343B38}"
EndProject
Project("{8BC9CEB8-8B4A-11D0-8D11-00A0C91BC942}") = "MigratoryBirds", "MigratoryBirds\MigratoryBirds.vcxproj", "{51E506EC-2E21-4221-B318-EB1959B23B99}"
EndProject
Project("{8BC9CEB8-8B4A-11D0-8D11-00A0C91BC942}") = "DayOfTheProgrammer", "DayOfTheProgrammer\DayOfTheProgrammer.vcxproj", "{22288AFF-7446-469E-9715-3FB06B3BAA56}"
EndProject
Project("{8BC9CEB8-8B4A-11D0-8D11-00A0C91BC942}") = "2DArrayHourglass", "2DArrayHourglass\2DArrayHourglass.vcxproj", "{C1918E06-C939-4D65-B848-B430E55D3F27}"
EndProject
Project("{8BC9CEB8-8B4A-11D0-8D11-00A0C91BC942}") = "DynamicArray", "DynamicArray\DynamicArray.vcxproj", "{6DFB5E90-50E7-4C82-A19D-EAB28D8DB4ED}"
EndProject
Project("{8BC9CEB8-8B4A-11D0-8D11-00A0C91BC942}") = "LeftRotation-DS", "LeftRotation-DS\LeftRotation-DS.vcxproj", "{ED79713E-33AC-459E-A19E-264E5145DDB3}"
EndProject
Project("{8BC9CEB8-8B4A-11D0-8D11-00A0C91BC942}") = "CountingValleys", "CountingValleys\CountingValleys.vcxproj", "{A6F95B00-D83C-4DBF-BF1D-3EC55DD0D32D}"
EndProject
Project("{8BC9CEB8-8B4A-11D0-8D11-00A0C91BC942}") = "FormingAMagicSquare", "FormingAMagicSquare\FormingAMagicSquare.vcxproj", "{142E7579-4709-4980-BB3B-C7ACA7EABC39}"
EndProject
Project("{8BC9CEB8-8B4A-11D0-8D11-00A0C91BC942}") = "PickingNumbers", "PickingNumbers\PickingNumbers.vcxproj", "{CE248C7C-1B3C-4843-A338-669A54A5585F}"
EndProject
Project("{8BC9CEB8-8B4A-11D0-8D11-00A0C91BC942}") = "SockMerchant", "StockMerchant\StockMerchant.vcxproj", "{C83041A5-D4C1-4733-89B3-4BB918A27F74}"
EndProject
Project("{8BC9CEB8-8B4A-11D0-8D11-00A0C91BC942}") = "BotClean-AI", "BotClean-AI\BotClean-AI.vcxproj", "{6424B271-DB11-44C8-A295-4EA9CD8F30D6}"
EndProject
Project("{8BC9CEB8-8B4A-11D0-8D11-00A0C91BC942}") = "SequenceEquation", "SequenceEquation\SequenceEquation.vcxproj", "{40C6CCB4-DA4A-4817-9648-E9000E43858D}"
EndProject
Project("{8BC9CEB8-8B4A-11D0-8D11-00A0C91BC942}") = "ClimbingTheLeaderboard", "ClimbingTheLeaderboard\ClimbingTheLeaderboard.vcxproj", "{FE048FA4-7A60-4763-BF06-1C17DA7EC678}"
EndProject
Project("{8BC9CEB8-8B4A-11D0-8D11-00A0C91BC942}") = "ExtraLongFactorials", "ExtraLongFactorials\ExtraLongFactorials.vcxproj", "{9BEF2144-18DA-467C-A685-C37274E09458}"
EndProject
Global
	GlobalSection(SolutionConfigurationPlatforms) = preSolution
		Debug|x64 = Debug|x64
		Debug|x86 = Debug|x86
		Release|x64 = Release|x64
		Release|x86 = Release|x86
	EndGlobalSection
	GlobalSection(ProjectConfigurationPlatforms) = postSolution
		{13CBAD63-C04A-485C-8308-8430E352E930}.Debug|x64.ActiveCfg = Debug|x64
		{13CBAD63-C04A-485C-8308-8430E352E930}.Debug|x64.Build.0 = Debug|x64
		{13CBAD63-C04A-485C-8308-8430E352E930}.Debug|x86.ActiveCfg = Debug|Win32
		{13CBAD63-C04A-485C-8308-8430E352E930}.Debug|x86.Build.0 = Debug|Win32
		{13CBAD63-C04A-485C-8308-8430E352E930}.Release|x64.ActiveCfg = Release|x64
		{13CBAD63-C04A-485C-8308-8430E352E930}.Release|x64.Build.0 = Release|x64
		{13CBAD63-C04A-485C-8308-8430E352E930}.Release|x86.ActiveCfg = Release|Win32
		{13CBAD63-C04A-485C-8308-8430E352E930}.Release|x86.Build.0 = Release|Win32
		{D5A6BAED-143F-467A-AF78-ACF9CA61B475}.Debug|x64.ActiveCfg = Debug|x64
		{D5A6BAED-143F-467A-AF78-ACF9CA61B475}.Debug|x64.Build.0 = Debug|x64
		{D5A6BAED-143F-467A-AF78-ACF9CA61B475}.Debug|x86.ActiveCfg = Debug|Win32
		{D5A6BAED-143F-467A-AF78-ACF9CA61B475}.Debug|x86.Build.0 = Debug|Win32
		{D5A6BAED-143F-467A-AF78-ACF9CA61B475}.Release|x64.ActiveCfg = Release|x64
		{D5A6BAED-143F-467A-AF78-ACF9CA61B475}.Release|x64.Build.0 = Release|x64
		{D5A6BAED-143F-467A-AF78-ACF9CA61B475}.Release|x86.ActiveCfg = Release|Win32
		{D5A6BAED-143F-467A-AF78-ACF9CA61B475}.Release|x86.Build.0 = Release|Win32
		{7C56FE30-36CC-4FF2-9202-41D756343B38}.Debug|x64.ActiveCfg = Debug|x64
		{7C56FE30-36CC-4FF2-9202-41D756343B38}.Debug|x64.Build.0 = Debug|x64
		{7C56FE30-36CC-4FF2-9202-41D756343B38}.Debug|x86.ActiveCfg = Debug|Win32
		{7C56FE30-36CC-4FF2-9202-41D756343B38}.Debug|x86.Build.0 = Debug|Win32
		{7C56FE30-36CC-4FF2-9202-41D756343B38}.Release|x64.ActiveCfg = Release|x64
		{7C56FE30-36CC-4FF2-9202-41D756343B38}.Release|x64.Build.0 = Release|x64
		{7C56FE30-36CC-4FF2-9202-41D756343B38}.Release|x86.ActiveCfg = Release|Win32
		{7C56FE30-36CC-4FF2-9202-41D756343B38}.Release|x86.Build.0 = Release|Win32
		{51E506EC-2E21-4221-B318-EB1959B23B99}.Debug|x64.ActiveCfg = Debug|x64
		{51E506EC-2E21-4221-B318-EB1959B23B99}.Debug|x64.Build.0 = Debug|x64
		{51E506EC-2E21-4221-B318-EB1959B23B99}.Debug|x86.ActiveCfg = Debug|Win32
		{51E506EC-2E21-4221-B318-EB1959B23B99}.Debug|x86.Build.0 = Debug|Win32
		{51E506EC-2E21-4221-B318-EB1959B23B99}.Release|x64.ActiveCfg = Release|x64
		{51E506EC-2E21-4221-B318-EB1959B23B99}.Release|x64.Build.0 = Release|x64
		{51E506EC-2E21-4221-B318-EB1959B23B99}.Release|x86.ActiveCfg = Release|Win32
		{51E506EC-2E21-4221-B318-EB1959B23B99}.Release|x86.Build.0 = Release|Win32
		{22288AFF-7446-469E-9715-3FB06B3BAA56}.Debug|x64.ActiveCfg = Debug|x64
		{22288AFF-7446-469E-9715-3FB06B3BAA56}.Debug|x64.Build.0 = Debug|x64
		{22288AFF-7446-469E-9715-3FB06B3BAA56}.Debug|x86.ActiveCfg = Debug|Win32
		{22288AFF-7446-469E-9715-3FB06B3BAA56}.Debug|x86.Build.0 = Debug|Win32
		{22288AFF-7446-469E-9715-3FB06B3BAA56}.Release|x64.ActiveCfg = Release|x64
		{22288AFF-7446-469E-9715-3FB06B3BAA56}.Release|x64.Build.0 = Release|x64
		{22288AFF-7446-469E-9715-3FB06B3BAA56}.Release|x86.ActiveCfg = Release|Win32
		{22288AFF-7446-469E-9715-3FB06B3BAA56}.Release|x86.Build.0 = Release|Win32
		{C1918E06-C939-4D65-B848-B430E55D3F27}.Debug|x64.ActiveCfg = Debug|x64
		{C1918E06-C939-4D65-B848-B430E55D3F27}.Debug|x64.Build.0 = Debug|x64
		{C1918E06-C939-4D65-B848-B430E55D3F27}.Debug|x86.ActiveCfg = Debug|Win32
		{C1918E06-C939-4D65-B848-B430E55D3F27}.Debug|x86.Build.0 = Debug|Win32
		{C1918E06-C939-4D65-B848-B430E55D3F27}.Release|x64.ActiveCfg = Release|x64
		{C1918E06-C939-4D65-B848-B430E55D3F27}.Release|x64.Build.0 = Release|x64
		{C1918E06-C939-4D65-B848-B430E55D3F27}.Release|x86.ActiveCfg = Release|Win32
		{C1918E06-C939-4D65-B848-B430E55D3F27}.Release|x86.Build.0 = Release|Win32
		{6DFB5E90-50E7-4C82-A19D-EAB28D8DB4ED}.Debug|x64.ActiveCfg = Debug|x64
		{6DFB5E90-50E7-4C82-A19D-EAB28D8DB4ED}.Debug|x64.Build.0 = Debug|x64
		{6DFB5E90-50E7-4C82-A19D-EAB28D8DB4ED}.Debug|x86.ActiveCfg = Debug|Win32
		{6DFB5E90-50E7-4C82-A19D-EAB28D8DB4ED}.Debug|x86.Build.0 = Debug|Win32
		{6DFB5E90-50E7-4C82-A19D-EAB28D8DB4ED}.Release|x64.ActiveCfg = Release|x64
		{6DFB5E90-50E7-4C82-A19D-EAB28D8DB4ED}.Release|x64.Build.0 = Release|x64
		{6DFB5E90-50E7-4C82-A19D-EAB28D8DB4ED}.Release|x86.ActiveCfg = Release|Win32
		{6DFB5E90-50E7-4C82-A19D-EAB28D8DB4ED}.Release|x86.Build.0 = Release|Win32
		{ED79713E-33AC-459E-A19E-264E5145DDB3}.Debug|x64.ActiveCfg = Debug|x64
		{ED79713E-33AC-459E-A19E-264E5145DDB3}.Debug|x64.Build.0 = Debug|x64
		{ED79713E-33AC-459E-A19E-264E5145DDB3}.Debug|x86.ActiveCfg = Debug|Win32
		{ED79713E-33AC-459E-A19E-264E5145DDB3}.Debug|x86.Build.0 = Debug|Win32
		{ED79713E-33AC-459E-A19E-264E5145DDB3}.Release|x64.ActiveCfg = Release|x64
		{ED79713E-33AC-459E-A19E-264E5145DDB3}.Release|x64.Build.0 = Release|x64
		{ED79713E-33AC-459E-A19E-264E5145DDB3}.Release|x86.ActiveCfg = Release|Win32
		{ED79713E-33AC-459E-A19E-264E5145DDB3}.Release|x86.Build.0 = Release|Win32
		{A6F95B00-D83C-4DBF-BF1D-3EC55DD0D32D}.Debug|x64.ActiveCfg = Debug|x64
		{A6F95B00-D83C-4DBF-BF1D-3EC55DD0D32D}.Debug|x64.Build.0 = Debug|x64
		{A6F95B00-D83C-4DBF-BF1D-3EC55DD0D32D}.Debug|x86.ActiveCfg = Debug|Win32
		{A6F95B00-D83C-4DBF-BF1D-3EC55DD0D32D}.Debug|x86.Build.0 = Debug|Win32
		{A6F95B00-D83C-4DBF-BF1D-3EC55DD0D32D}.Release|x64.ActiveCfg = Release|x64
		{A6F95B00-D83C-4DBF-BF1D-3EC55DD0D32D}.Release|x64.Build.0 = Release|x64
		{A6F95B00-D83C-4DBF-BF1D-3EC55DD0D32D}.Release|x86.ActiveCfg = Release|Win32
		{A6F95B00-D83C-4DBF-BF1D-3EC55DD0D32D}.Release|x86.Build.0 = Release|Win32
		{142E7579-4709-4980-BB3B-C7ACA7EABC39}.Debug|x64.ActiveCfg = Debug|x64
		{142E7579-4709-4980-BB3B-C7ACA7EABC39}.Debug|x64.Build.0 = Debug|x64
		{142E7579-4709-4980-BB3B-C7ACA7EABC39}.Debug|x86.ActiveCfg = Debug|Win32
		{142E7579-4709-4980-BB3B-C7ACA7EABC39}.Debug|x86.Build.0 = Debug|Win32
		{142E7579-4709-4980-BB3B-C7ACA7EABC39}.Release|x64.ActiveCfg = Release|x64
		{142E7579-4709-4980-BB3B-C7ACA7EABC39}.Release|x64.Build.0 = Release|x64
		{142E7579-4709-4980-BB3B-C7ACA7EABC39}.Release|x86.ActiveCfg = Release|Win32
		{142E7579-4709-4980-BB3B-C7ACA7EABC39}.Release|x86.Build.0 = Release|Win32
		{CE248C7C-1B3C-4843-A338-669A54A5585F}.Debug|x64.ActiveCfg = Debug|x64
		{CE248C7C-1B3C-4843-A338-669A54A5585F}.Debug|x64.Build.0 = Debug|x64
		{CE248C7C-1B3C-4843-A338-669A54A5585F}.Debug|x86.ActiveCfg = Debug|Win32
		{CE248C7C-1B3C-4843-A338-669A54A5585F}.Debug|x86.Build.0 = Debug|Win32
		{CE248C7C-1B3C-4843-A338-669A54A5585F}.Release|x64.ActiveCfg = Release|x64
		{CE248C7C-1B3C-4843-A338-669A54A5585F}.Release|x64.Build.0 = Release|x64
		{CE248C7C-1B3C-4843-A338-669A54A5585F}.Release|x86.ActiveCfg = Release|Win32
		{CE248C7C-1B3C-4843-A338-669A54A5585F}.Release|x86.Build.0 = Release|Win32
		{C83041A5-D4C1-4733-89B3-4BB918A27F74}.Debug|x64.ActiveCfg = Debug|x64
		{C83041A5-D4C1-4733-89B3-4BB918A27F74}.Debug|x64.Build.0 = Debug|x64
		{C83041A5-D4C1-4733-89B3-4BB918A27F74}.Debug|x86.ActiveCfg = Debug|Win32
		{C83041A5-D4C1-4733-89B3-4BB918A27F74}.Debug|x86.Build.0 = Debug|Win32
		{C83041A5-D4C1-4733-89B3-4BB918A27F74}.Release|x64.ActiveCfg = Release|x64
		{C83041A5-D4C1-4733-89B3-4BB918A27F74}.Release|x64.Build.0 = Release|x64
		{C83041A5-D4C1-4733-89B3-4BB918A27F74}.Release|x86.ActiveCfg = Release|Win32
		{C83041A5-D4C1-4733-89B3-4BB918A27F74}.Release|x86.Build.0 = Release|Win32
		{6424B271-DB11-44C8-A295-4EA9CD8F30D6}.Debug|x64.ActiveCfg = Debug|x64
		{6424B271-DB11-44C8-A295-4EA9CD8F30D6}.Debug|x64.Build.0 = Debug|x64
		{6424B271-DB11-44C8-A295-4EA9CD8F30D6}.Debug|x86.ActiveCfg = Debug|Win32
		{6424B271-DB11-44C8-A295-4EA9CD8F30D6}.Debug|x86.Build.0 = Debug|Win32
		{6424B271-DB11-44C8-A295-4EA9CD8F30D6}.Release|x64.ActiveCfg = Release|x64
		{6424B271-DB11-44C8-A295-4EA9CD8F30D6}.Release|x64.Build.0 = Release|x64
		{6424B271-DB11-44C8-A295-4EA9CD8F30D6}.Release|x86.ActiveCfg = Release|Win32
		{6424B271-DB11-44C8-A295-4EA9CD8F30D6}.Release|x86.Build.0 = Release|Win32
		{40C6CCB4-DA4A-4817-9648-E9000E43858D}.Debug|x64.ActiveCfg = Debug|x64
		{40C6CCB4-DA4A-4817-9648-E9000E43858D}.Debug|x64.Build.0 = Debug|x64
		{40C6CCB4-DA4A-4817-9648-E9000E43858D}.Debug|x86.ActiveCfg = Debug|Win32
		{40C6CCB4-DA4A-4817-9648-E9000E43858D}.Debug|x86.Build.0 = Debug|Win32
		{40C6CCB4-DA4A-4817-9648-E9000E43858D}.Release|x64.ActiveCfg = Release|x64
		{40C6CCB4-DA4A-4817-9648-E9000E43858D}.Release|x64.Build.0 = Release|x64
		{40C6CCB4-DA4A-4817-9648-E9000E43858D}.Release|x86.ActiveCfg = Release|Win32
		{40C6CCB4-DA4A-4817-9648-E9000E43858D}.Release|x86.Build.0 = Release|Win32
		{FE048FA4-7A60-4763-BF06-1C17DA7EC678}.Debug|x64.ActiveCfg = Debug|x64
		{FE048FA4-7A60-4763-BF06-1C17DA7EC678}.Debug|x64.Build.0 = Debug|x64
		{FE048FA4-7A60-4763-BF06-1C17DA7EC678}.Debug|x86.ActiveCfg = Debug|Win32
		{FE048FA4-7A60-4763-BF06-1C17DA7EC678}.Debug|x86.Build.0 = Debug|Win32
		{FE048FA4-7A60-4763-BF06-1C17DA7EC678}.Release|x64.ActiveCfg = Release|x64
		{FE048FA4-7A60-4763-BF06-1C17DA7EC678}.Release|x64.Build.0 = Release|x64
		{FE048FA4-7A60-4763-BF06-1C17DA7EC678}.Release|x86.ActiveCfg = Release|Win32
		{FE048FA4-7A60-4763-BF06-1C17DA7EC678}.Release|x86.Build.0 = Release|Win32
		{9BEF2144-18DA-467C-A685-C37274E09458}.Debug|x64.ActiveCfg = Debug|x64
		{9BEF2144-18DA-467C-A685-C37274E09458}.Debug|x64.Build.0 = Debug|x64
		{9BEF2144-18DA-467C-A685-C37274E09458}.Debug|x86.ActiveCfg = Debug|Win32
		{9BEF2144-18DA-467C-A685-C37274E09458}.Debug|x86.Build.0 = Debug|Win32
		{9BEF2144-18DA-467C-A685-C37274E09458}.Release|x64.ActiveCfg = Release|x64
		{9BEF2144-18DA-467C-A685-C37274E09458}.Release|x64.Build.0 = Release|x64
		{9BEF2144-18DA-467C-A685-C37274E09458}.Release|x86.ActiveCfg = Release|Win32
		{9BEF2144-18DA-467C-A685-C37274E09458}.Release|x86.Build.0 = Release|Win32
	EndGlobalSection
	GlobalSection(SolutionProperties) = preSolution
		HideSolutionNode = FALSE
	EndGlobalSection
	GlobalSection(ExtensibilityGlobals) = postSolution
		SolutionGuid = {96B57944-E91A-45E7-9309-6C1C39A7DB4A}
	EndGlobalSection
EndGlobal
